
Microsoft Visual Studio Solution File, Format Version 12.00
# Visual Studio 2013
VisualStudioVersion = 12.0.31101.0
MinimumVisualStudioVersion = 10.0.40219.1
Project("{FAE04EC0-301F-11D3-BF4B-00C04F79EFBC}") = "WebForm", "WebForm\WebForm.csproj", "{9CBD91A7-007E-44E9-A10F-1726B1A3FF1D}"
EndProject
Project("{FAE04EC0-301F-11D3-BF4B-00C04F79EFBC}") = "MvcWeb", "MvcWeb\MvcWeb.csproj", "{5914E856-7931-47A9-9C10-EC0000C92DD4}"
EndProject
Project("{FAE04EC0-301F-11D3-BF4B-00C04F79EFBC}") = "Dot.Utility", "Dot.Utility\Dot.Utility.csproj", "{A5C1E66C-761C-42D5-9CFE-A52ACAABE6E2}"
EndProject
Global
	GlobalSection(SolutionConfigurationPlatforms) = preSolution
		Debug|Any CPU = Debug|Any CPU
		Release|Any CPU = Release|Any CPU
	EndGlobalSection
	GlobalSection(ProjectConfigurationPlatforms) = postSolution
		{9CBD91A7-007E-44E9-A10F-1726B1A3FF1D}.Debug|Any CPU.ActiveCfg = Debug|Any CPU
		{9CBD91A7-007E-44E9-A10F-1726B1A3FF1D}.Debug|Any CPU.Build.0 = Debug|Any CPU
		{9CBD91A7-007E-44E9-A10F-1726B1A3FF1D}.Release|Any CPU.ActiveCfg = Release|Any CPU
		{9CBD91A7-007E-44E9-A10F-1726B1A3FF1D}.Release|Any CPU.Build.0 = Release|Any CPU
		{5914E856-7931-47A9-9C10-EC0000C92DD4}.Debug|Any CPU.ActiveCfg = Debug|Any CPU
		{5914E856-7931-47A9-9C10-EC0000C92DD4}.Debug|Any CPU.Build.0 = Debug|Any CPU
		{5914E856-7931-47A9-9C10-EC0000C92DD4}.Release|Any CPU.ActiveCfg = Release|Any CPU
		{5914E856-7931-47A9-9C10-EC0000C92DD4}.Release|Any CPU.Build.0 = Release|Any CPU
		{A5C1E66C-761C-42D5-9CFE-A52ACAABE6E2}.Debug|Any CPU.ActiveCfg = Debug|Any CPU
		{A5C1E66C-761C-42D5-9CFE-A52ACAABE6E2}.Debug|Any CPU.Build.0 = Debug|Any CPU
		{A5C1E66C-761C-42D5-9CFE-A52ACAABE6E2}.Release|Any CPU.ActiveCfg = Release|Any CPU
		{A5C1E66C-761C-42D5-9CFE-A52ACAABE6E2}.Release|Any CPU.Build.0 = Release|Any CPU
	EndGlobalSection
	GlobalSection(SolutionProperties) = preSolution
		HideSolutionNode = FALSE
	EndGlobalSection
EndGlobal
