
Microsoft Visual Studio Solution File, Format Version 12.00
# Visual Studio 2013
VisualStudioVersion = 12.0.31101.0
MinimumVisualStudioVersion = 10.0.40219.1
Project("{FAE04EC0-301F-11D3-BF4B-00C04F79EFBC}") = "WebForm", "WebForm\WebForm.csproj", "{9CBD91A7-007E-44E9-A10F-1726B1A3FF1D}"
EndProject
Project("{FAE04EC0-301F-11D3-BF4B-00C04F79EFBC}") = "MvcWeb", "MvcWeb\MvcWeb.csproj", "{5914E856-7931-47A9-9C10-EC0000C92DD4}"
EndProject
Project("{FAE04EC0-301F-11D3-BF4B-00C04F79EFBC}") = "Dot.Utility", "Dot.Utility\Dot.Utility.csproj", "{A5C1E66C-761C-42D5-9CFE-A52ACAABE6E2}"
EndProject
Project("{FAE04EC0-301F-11D3-BF4B-00C04F79EFBC}") = "jquery-easyui-1.4.3", "jquery-easyui-1.4.3\jquery-easyui-1.4.3.csproj", "{76F36C75-2F52-4BD1-AFBB-9EEC675C93B0}"
EndProject
Project("{FAE04EC0-301F-11D3-BF4B-00C04F79EFBC}") = "ueditor", "ueditor\ueditor.csproj", "{3DE3F2FC-EA82-4DC4-9B69-5856C2109D2E}"
EndProject
Project("{FAE04EC0-301F-11D3-BF4B-00C04F79EFBC}") = "Dot.Web", "Dot.Web\Dot.Web.csproj", "{0A1D7971-9036-4BF7-91F2-363876827119}"
EndProject
Project("{FAE04EC0-301F-11D3-BF4B-00C04F79EFBC}") = "Dot.UtilityTests", "Dot.UtilityTests\Dot.UtilityTests.csproj", "{88E1DBD5-93A1-4988-8C6C-9A80AA0D78DE}"
EndProject
Project("{FAE04EC0-301F-11D3-BF4B-00C04F79EFBC}") = "Dot", "Dot\Dot.csproj", "{10049683-AC64-4BC9-B1ED-15D32120B082}"
EndProject
Project("{2150E333-8FDC-42A3-9474-1A3956D46DE8}") = "Test", "Test", "{473D7614-54C5-4731-91A9-BE97A5059375}"
EndProject
Project("{FAE04EC0-301F-11D3-BF4B-00C04F79EFBC}") = "DotTests", "DotTests\DotTests.csproj", "{E4B406B4-E89C-431B-8674-F247A8B49282}"
EndProject
Project("{2150E333-8FDC-42A3-9474-1A3956D46DE8}") = "Plugins", "Plugins", "{E70A0AC7-3D4B-48BB-BE48-0101A3777AF7}"
EndProject
Project("{FAE04EC0-301F-11D3-BF4B-00C04F79EFBC}") = "Dot.Cache", "Dot.Cache\Dot.Cache.csproj", "{1FB8A996-7C80-4CDE-89E5-39DE53A6F067}"
EndProject
Global
	GlobalSection(SolutionConfigurationPlatforms) = preSolution
		Debug|Any CPU = Debug|Any CPU
		Release|Any CPU = Release|Any CPU
	EndGlobalSection
	GlobalSection(ProjectConfigurationPlatforms) = postSolution
		{9CBD91A7-007E-44E9-A10F-1726B1A3FF1D}.Debug|Any CPU.ActiveCfg = Debug|Any CPU
		{9CBD91A7-007E-44E9-A10F-1726B1A3FF1D}.Debug|Any CPU.Build.0 = Debug|Any CPU
		{9CBD91A7-007E-44E9-A10F-1726B1A3FF1D}.Release|Any CPU.ActiveCfg = Release|Any CPU
		{9CBD91A7-007E-44E9-A10F-1726B1A3FF1D}.Release|Any CPU.Build.0 = Release|Any CPU
		{5914E856-7931-47A9-9C10-EC0000C92DD4}.Debug|Any CPU.ActiveCfg = Debug|Any CPU
		{5914E856-7931-47A9-9C10-EC0000C92DD4}.Debug|Any CPU.Build.0 = Debug|Any CPU
		{5914E856-7931-47A9-9C10-EC0000C92DD4}.Release|Any CPU.ActiveCfg = Release|Any CPU
		{5914E856-7931-47A9-9C10-EC0000C92DD4}.Release|Any CPU.Build.0 = Release|Any CPU
		{A5C1E66C-761C-42D5-9CFE-A52ACAABE6E2}.Debug|Any CPU.ActiveCfg = Debug|Any CPU
		{A5C1E66C-761C-42D5-9CFE-A52ACAABE6E2}.Debug|Any CPU.Build.0 = Debug|Any CPU
		{A5C1E66C-761C-42D5-9CFE-A52ACAABE6E2}.Release|Any CPU.ActiveCfg = Release|Any CPU
		{A5C1E66C-761C-42D5-9CFE-A52ACAABE6E2}.Release|Any CPU.Build.0 = Release|Any CPU
		{76F36C75-2F52-4BD1-AFBB-9EEC675C93B0}.Debug|Any CPU.ActiveCfg = Debug|Any CPU
		{76F36C75-2F52-4BD1-AFBB-9EEC675C93B0}.Debug|Any CPU.Build.0 = Debug|Any CPU
		{76F36C75-2F52-4BD1-AFBB-9EEC675C93B0}.Release|Any CPU.ActiveCfg = Release|Any CPU
		{76F36C75-2F52-4BD1-AFBB-9EEC675C93B0}.Release|Any CPU.Build.0 = Release|Any CPU
		{3DE3F2FC-EA82-4DC4-9B69-5856C2109D2E}.Debug|Any CPU.ActiveCfg = Debug|Any CPU
		{3DE3F2FC-EA82-4DC4-9B69-5856C2109D2E}.Debug|Any CPU.Build.0 = Debug|Any CPU
		{3DE3F2FC-EA82-4DC4-9B69-5856C2109D2E}.Release|Any CPU.ActiveCfg = Release|Any CPU
		{3DE3F2FC-EA82-4DC4-9B69-5856C2109D2E}.Release|Any CPU.Build.0 = Release|Any CPU
		{0A1D7971-9036-4BF7-91F2-363876827119}.Debug|Any CPU.ActiveCfg = Debug|Any CPU
		{0A1D7971-9036-4BF7-91F2-363876827119}.Debug|Any CPU.Build.0 = Debug|Any CPU
		{0A1D7971-9036-4BF7-91F2-363876827119}.Release|Any CPU.ActiveCfg = Release|Any CPU
		{0A1D7971-9036-4BF7-91F2-363876827119}.Release|Any CPU.Build.0 = Release|Any CPU
		{88E1DBD5-93A1-4988-8C6C-9A80AA0D78DE}.Debug|Any CPU.ActiveCfg = Debug|Any CPU
		{88E1DBD5-93A1-4988-8C6C-9A80AA0D78DE}.Debug|Any CPU.Build.0 = Debug|Any CPU
		{88E1DBD5-93A1-4988-8C6C-9A80AA0D78DE}.Release|Any CPU.ActiveCfg = Release|Any CPU
		{88E1DBD5-93A1-4988-8C6C-9A80AA0D78DE}.Release|Any CPU.Build.0 = Release|Any CPU
		{10049683-AC64-4BC9-B1ED-15D32120B082}.Debug|Any CPU.ActiveCfg = Debug|Any CPU
		{10049683-AC64-4BC9-B1ED-15D32120B082}.Debug|Any CPU.Build.0 = Debug|Any CPU
		{10049683-AC64-4BC9-B1ED-15D32120B082}.Release|Any CPU.ActiveCfg = Release|Any CPU
		{10049683-AC64-4BC9-B1ED-15D32120B082}.Release|Any CPU.Build.0 = Release|Any CPU
		{E4B406B4-E89C-431B-8674-F247A8B49282}.Debug|Any CPU.ActiveCfg = Debug|Any CPU
		{E4B406B4-E89C-431B-8674-F247A8B49282}.Debug|Any CPU.Build.0 = Debug|Any CPU
		{E4B406B4-E89C-431B-8674-F247A8B49282}.Release|Any CPU.ActiveCfg = Release|Any CPU
		{E4B406B4-E89C-431B-8674-F247A8B49282}.Release|Any CPU.Build.0 = Release|Any CPU
		{1FB8A996-7C80-4CDE-89E5-39DE53A6F067}.Debug|Any CPU.ActiveCfg = Debug|Any CPU
		{1FB8A996-7C80-4CDE-89E5-39DE53A6F067}.Debug|Any CPU.Build.0 = Debug|Any CPU
		{1FB8A996-7C80-4CDE-89E5-39DE53A6F067}.Release|Any CPU.ActiveCfg = Release|Any CPU
		{1FB8A996-7C80-4CDE-89E5-39DE53A6F067}.Release|Any CPU.Build.0 = Release|Any CPU
	EndGlobalSection
	GlobalSection(SolutionProperties) = preSolution
		HideSolutionNode = FALSE
	EndGlobalSection
	GlobalSection(NestedProjects) = preSolution
		{88E1DBD5-93A1-4988-8C6C-9A80AA0D78DE} = {473D7614-54C5-4731-91A9-BE97A5059375}
		{E4B406B4-E89C-431B-8674-F247A8B49282} = {473D7614-54C5-4731-91A9-BE97A5059375}
		{1FB8A996-7C80-4CDE-89E5-39DE53A6F067} = {E70A0AC7-3D4B-48BB-BE48-0101A3777AF7}
	EndGlobalSection
EndGlobal
