
Microsoft Visual Studio Solution File, Format Version 12.00
# Visual Studio 15
VisualStudioVersion = 15.0.26510.0
MinimumVisualStudioVersion = 10.0.40219.1
Project("{9A19103F-16F7-4668-BE54-9A1E7A4F7556}") = "Dot", "Dot\Dot.csproj", "{68585C12-00AF-4849-9F28-61879EE2EEA6}"
EndProject
Project("{9A19103F-16F7-4668-BE54-9A1E7A4F7556}") = "Dot.WebApi", "Dot.WebApi\Dot.WebApi.csproj", "{8644E33A-542F-4285-8D8F-4CF8DAE01ADE}"
EndProject
Project("{2150E333-8FDC-42A3-9474-1A3956D46DE8}") = "Tests", "Tests", "{D5317EDC-AA0B-40BF-B3B7-90FF27B96A7B}"
EndProject
Project("{9A19103F-16F7-4668-BE54-9A1E7A4F7556}") = "DotTests", "DotTests\DotTests.csproj", "{C30BFDB8-8479-4D71-84BD-99FA1E8A0C9D}"
EndProject
Project("{2150E333-8FDC-42A3-9474-1A3956D46DE8}") = "Plugins", "Plugins", "{4482B02B-EA96-4843-84AE-FA2B4A7FE343}"
EndProject
Project("{9A19103F-16F7-4668-BE54-9A1E7A4F7556}") = "Dot.Log.log4netImpl", "Dot.Log.log4netImpl\Dot.Log.log4netImpl.csproj", "{768E5913-976B-437C-8AC4-53408A2336FF}"
EndProject
Project("{9A19103F-16F7-4668-BE54-9A1E7A4F7556}") = "Dot.Excel", "Dot.Excel\Dot.Excel.csproj", "{7DAC0571-B342-4823-B4E1-C692890837A5}"
EndProject
Project("{2150E333-8FDC-42A3-9474-1A3956D46DE8}") = "other", "other", "{5BFC0336-AAA3-4DEB-8464-3ED6A780768F}"
EndProject
Project("{9A19103F-16F7-4668-BE54-9A1E7A4F7556}") = "System.Data.DataSetExtensions", "System.Data.DataSetExtensions\System.Data.DataSetExtensions.csproj", "{AD8BD2E0-A2FF-4523-8F74-2442FE1E95D5}"
EndProject
Project("{9A19103F-16F7-4668-BE54-9A1E7A4F7556}") = "Dot.Data.MSSqlService", "Dot.Data.MSSqlService\Dot.Data.MSSqlService.csproj", "{E3A95A50-3CFF-4EED-956E-A3296DE9D8A9}"
EndProject
Project("{9A19103F-16F7-4668-BE54-9A1E7A4F7556}") = "Dot.ExcelTest", "Dot.ExcelTest\Dot.ExcelTest.csproj", "{2075A149-B2FC-469E-A924-34EFCDF7FC0A}"
EndProject
Project("{9A19103F-16F7-4668-BE54-9A1E7A4F7556}") = "Dot.Data.SQLTest", "Dot.Data.SQLTest\Dot.Data.SQLTest.csproj", "{37AB6062-309E-4527-AD90-759E39982504}"
EndProject
Global
	GlobalSection(SolutionConfigurationPlatforms) = preSolution
		Debug|Any CPU = Debug|Any CPU
		Release|Any CPU = Release|Any CPU
	EndGlobalSection
	GlobalSection(ProjectConfigurationPlatforms) = postSolution
		{68585C12-00AF-4849-9F28-61879EE2EEA6}.Debug|Any CPU.ActiveCfg = Debug|Any CPU
		{68585C12-00AF-4849-9F28-61879EE2EEA6}.Debug|Any CPU.Build.0 = Debug|Any CPU
		{68585C12-00AF-4849-9F28-61879EE2EEA6}.Release|Any CPU.ActiveCfg = Release|Any CPU
		{68585C12-00AF-4849-9F28-61879EE2EEA6}.Release|Any CPU.Build.0 = Release|Any CPU
		{8644E33A-542F-4285-8D8F-4CF8DAE01ADE}.Debug|Any CPU.ActiveCfg = Debug|Any CPU
		{8644E33A-542F-4285-8D8F-4CF8DAE01ADE}.Debug|Any CPU.Build.0 = Debug|Any CPU
		{8644E33A-542F-4285-8D8F-4CF8DAE01ADE}.Release|Any CPU.ActiveCfg = Release|Any CPU
		{8644E33A-542F-4285-8D8F-4CF8DAE01ADE}.Release|Any CPU.Build.0 = Release|Any CPU
		{C30BFDB8-8479-4D71-84BD-99FA1E8A0C9D}.Debug|Any CPU.ActiveCfg = Debug|Any CPU
		{C30BFDB8-8479-4D71-84BD-99FA1E8A0C9D}.Debug|Any CPU.Build.0 = Debug|Any CPU
		{C30BFDB8-8479-4D71-84BD-99FA1E8A0C9D}.Release|Any CPU.ActiveCfg = Release|Any CPU
		{C30BFDB8-8479-4D71-84BD-99FA1E8A0C9D}.Release|Any CPU.Build.0 = Release|Any CPU
		{768E5913-976B-437C-8AC4-53408A2336FF}.Debug|Any CPU.ActiveCfg = Debug|Any CPU
		{768E5913-976B-437C-8AC4-53408A2336FF}.Debug|Any CPU.Build.0 = Debug|Any CPU
		{768E5913-976B-437C-8AC4-53408A2336FF}.Release|Any CPU.ActiveCfg = Release|Any CPU
		{768E5913-976B-437C-8AC4-53408A2336FF}.Release|Any CPU.Build.0 = Release|Any CPU
		{7DAC0571-B342-4823-B4E1-C692890837A5}.Debug|Any CPU.ActiveCfg = Debug|Any CPU
		{7DAC0571-B342-4823-B4E1-C692890837A5}.Debug|Any CPU.Build.0 = Debug|Any CPU
		{7DAC0571-B342-4823-B4E1-C692890837A5}.Release|Any CPU.ActiveCfg = Release|Any CPU
		{7DAC0571-B342-4823-B4E1-C692890837A5}.Release|Any CPU.Build.0 = Release|Any CPU
		{AD8BD2E0-A2FF-4523-8F74-2442FE1E95D5}.Debug|Any CPU.ActiveCfg = Debug|Any CPU
		{AD8BD2E0-A2FF-4523-8F74-2442FE1E95D5}.Debug|Any CPU.Build.0 = Debug|Any CPU
		{AD8BD2E0-A2FF-4523-8F74-2442FE1E95D5}.Release|Any CPU.ActiveCfg = Release|Any CPU
		{AD8BD2E0-A2FF-4523-8F74-2442FE1E95D5}.Release|Any CPU.Build.0 = Release|Any CPU
		{E3A95A50-3CFF-4EED-956E-A3296DE9D8A9}.Debug|Any CPU.ActiveCfg = Debug|Any CPU
		{E3A95A50-3CFF-4EED-956E-A3296DE9D8A9}.Debug|Any CPU.Build.0 = Debug|Any CPU
		{E3A95A50-3CFF-4EED-956E-A3296DE9D8A9}.Release|Any CPU.ActiveCfg = Release|Any CPU
		{E3A95A50-3CFF-4EED-956E-A3296DE9D8A9}.Release|Any CPU.Build.0 = Release|Any CPU
		{2075A149-B2FC-469E-A924-34EFCDF7FC0A}.Debug|Any CPU.ActiveCfg = Debug|Any CPU
		{2075A149-B2FC-469E-A924-34EFCDF7FC0A}.Debug|Any CPU.Build.0 = Debug|Any CPU
		{2075A149-B2FC-469E-A924-34EFCDF7FC0A}.Release|Any CPU.ActiveCfg = Release|Any CPU
		{2075A149-B2FC-469E-A924-34EFCDF7FC0A}.Release|Any CPU.Build.0 = Release|Any CPU
		{37AB6062-309E-4527-AD90-759E39982504}.Debug|Any CPU.ActiveCfg = Debug|Any CPU
		{37AB6062-309E-4527-AD90-759E39982504}.Debug|Any CPU.Build.0 = Debug|Any CPU
		{37AB6062-309E-4527-AD90-759E39982504}.Release|Any CPU.ActiveCfg = Release|Any CPU
		{37AB6062-309E-4527-AD90-759E39982504}.Release|Any CPU.Build.0 = Release|Any CPU
	EndGlobalSection
	GlobalSection(SolutionProperties) = preSolution
		HideSolutionNode = FALSE
	EndGlobalSection
	GlobalSection(NestedProjects) = preSolution
		{C30BFDB8-8479-4D71-84BD-99FA1E8A0C9D} = {D5317EDC-AA0B-40BF-B3B7-90FF27B96A7B}
		{768E5913-976B-437C-8AC4-53408A2336FF} = {4482B02B-EA96-4843-84AE-FA2B4A7FE343}
		{7DAC0571-B342-4823-B4E1-C692890837A5} = {4482B02B-EA96-4843-84AE-FA2B4A7FE343}
		{AD8BD2E0-A2FF-4523-8F74-2442FE1E95D5} = {5BFC0336-AAA3-4DEB-8464-3ED6A780768F}
		{E3A95A50-3CFF-4EED-956E-A3296DE9D8A9} = {4482B02B-EA96-4843-84AE-FA2B4A7FE343}
		{2075A149-B2FC-469E-A924-34EFCDF7FC0A} = {D5317EDC-AA0B-40BF-B3B7-90FF27B96A7B}
		{37AB6062-309E-4527-AD90-759E39982504} = {D5317EDC-AA0B-40BF-B3B7-90FF27B96A7B}
	EndGlobalSection
EndGlobal
